// !$*UTF8*$!
{
	archiveVersion = 1;
	classes = {
	};
	objectVersion = 56;
	objects = {

/* Begin PBXBuildFile section */
		000000000000000000000101 /* PersonaOSApp.swift in Sources */ = {isa = PBXBuildFile; fileRef = 000000000000000000000201 /* PersonaOSApp.swift */; };
		000000000000000000000102 /* MainTabView.swift in Sources */ = {isa = PBXBuildFile; fileRef = 000000000000000000000202 /* MainTabView.swift */; };
		000000000000000000000103 /* PersonaModels.swift in Sources */ = {isa = PBXBuildFile; fileRef = 000000000000000000000203 /* PersonaModels.swift */; };
		000000000000000000000104 /* DateHelpers.swift in Sources */ = {isa = PBXBuildFile; fileRef = 000000000000000000000204 /* DateHelpers.swift */; };
		000000000000000000000105 /* AIClient.swift in Sources */ = {isa = PBXBuildFile; fileRef = 000000000000000000000205 /* AIClient.swift */; };
		000000000000000000000106 /* QuestProgressService.swift in Sources */ = {isa = PBXBuildFile; fileRef = 000000000000000000000206 /* QuestProgressService.swift */; };
		000000000000000000000107 /* MemoryEngine.swift in Sources */ = {isa = PBXBuildFile; fileRef = 000000000000000000000207 /* MemoryEngine.swift */; };
		000000000000000000000108 /* DailyReviewService.swift in Sources */ = {isa = PBXBuildFile; fileRef = 000000000000000000000208 /* DailyReviewService.swift */; };
		000000000000000000000109 /* DemoDataSeeder.swift in Sources */ = {isa = PBXBuildFile; fileRef = 000000000000000000000209 /* DemoDataSeeder.swift */; };
		000000000000000000000110 /* DashboardView.swift in Sources */ = {isa = PBXBuildFile; fileRef = 000000000000000000000210 /* DashboardView.swift */; };
		000000000000000000000111 /* QuestListView.swift in Sources */ = {isa = PBXBuildFile; fileRef = 000000000000000000000211 /* QuestListView.swift */; };
		000000000000000000000112 /* CompanionChatView.swift in Sources */ = {isa = PBXBuildFile; fileRef = 000000000000000000000212 /* CompanionChatView.swift */; };
		000000000000000000000113 /* MemoryView.swift in Sources */ = {isa = PBXBuildFile; fileRef = 000000000000000000000213 /* MemoryView.swift */; };
		000000000000000000000114 /* DailyReviewView.swift in Sources */ = {isa = PBXBuildFile; fileRef = 000000000000000000000214 /* DailyReviewView.swift */; };
		000000000000000000000115 /* SettingsView.swift in Sources */ = {isa = PBXBuildFile; fileRef = 000000000000000000000215 /* SettingsView.swift */; };
		000000000000000000000116 /* ChatHistoryService.swift in Sources */ = {isa = PBXBuildFile; fileRef = 000000000000000000000216 /* ChatHistoryService.swift */; };
		000000000000000000000117 /* AISuggestionSanitizer.swift in Sources */ = {isa = PBXBuildFile; fileRef = 000000000000000000000217 /* AISuggestionSanitizer.swift */; };
		000000000000000000000118 /* KeychainAPIKeyStore.swift in Sources */ = {isa = PBXBuildFile; fileRef = 000000000000000000000218 /* KeychainAPIKeyStore.swift */; };
		000000000000000000000119 /* OpenAIClient.swift in Sources */ = {isa = PBXBuildFile; fileRef = 000000000000000000000219 /* OpenAIClient.swift */; };
		000000000000000000000120 /* QuestProgressServiceTests.swift in Sources */ = {isa = PBXBuildFile; fileRef = 000000000000000000000220 /* QuestProgressServiceTests.swift */; };
		000000000000000000000121 /* DailyReviewServiceTests.swift in Sources */ = {isa = PBXBuildFile; fileRef = 000000000000000000000221 /* DailyReviewServiceTests.swift */; };
		000000000000000000000122 /* MemoryEngineTests.swift in Sources */ = {isa = PBXBuildFile; fileRef = 000000000000000000000222 /* MemoryEngineTests.swift */; };
		000000000000000000000123 /* MockAIClientTests.swift in Sources */ = {isa = PBXBuildFile; fileRef = 000000000000000000000223 /* MockAIClientTests.swift */; };
		000000000000000000000124 /* ChatHistoryServiceTests.swift in Sources */ = {isa = PBXBuildFile; fileRef = 000000000000000000000224 /* ChatHistoryServiceTests.swift */; };
		000000000000000000000125 /* AISuggestionSanitizerTests.swift in Sources */ = {isa = PBXBuildFile; fileRef = 000000000000000000000225 /* AISuggestionSanitizerTests.swift */; };
		000000000000000000000126 /* OpenAIClientTests.swift in Sources */ = {isa = PBXBuildFile; fileRef = 000000000000000000000226 /* OpenAIClientTests.swift */; };
		000000000000000000000127 /* Assets.xcassets in Resources */ = {isa = PBXBuildFile; fileRef = 000000000000000000000227 /* Assets.xcassets */; };
		000000000000000000000128 /* PrivacyInfo.xcprivacy in Resources */ = {isa = PBXBuildFile; fileRef = 000000000000000000000228 /* PrivacyInfo.xcprivacy */; };
/* End PBXBuildFile section */

/* Begin PBXContainerItemProxy section */
		000000000000000000000301 /* PBXContainerItemProxy */ = {
			isa = PBXContainerItemProxy;
			containerPortal = 000000000000000000000001 /* Project object */;
			proxyType = 1;
			remoteGlobalIDString = 000000000000000000000401;
			remoteInfo = PersonaOS;
		};
/* End PBXContainerItemProxy section */

/* Begin PBXFileReference section */
		000000000000000000000201 /* PersonaOSApp.swift */ = {isa = PBXFileReference; lastKnownFileType = sourcecode.swift; path = PersonaOSApp.swift; sourceTree = "<group>"; };
		000000000000000000000202 /* MainTabView.swift */ = {isa = PBXFileReference; lastKnownFileType = sourcecode.swift; path = MainTabView.swift; sourceTree = "<group>"; };
		000000000000000000000203 /* PersonaModels.swift */ = {isa = PBXFileReference; lastKnownFileType = sourcecode.swift; path = PersonaModels.swift; sourceTree = "<group>"; };
		000000000000000000000204 /* DateHelpers.swift */ = {isa = PBXFileReference; lastKnownFileType = sourcecode.swift; path = DateHelpers.swift; sourceTree = "<group>"; };
		000000000000000000000205 /* AIClient.swift */ = {isa = PBXFileReference; lastKnownFileType = sourcecode.swift; path = AIClient.swift; sourceTree = "<group>"; };
		000000000000000000000206 /* QuestProgressService.swift */ = {isa = PBXFileReference; lastKnownFileType = sourcecode.swift; path = QuestProgressService.swift; sourceTree = "<group>"; };
		000000000000000000000207 /* MemoryEngine.swift */ = {isa = PBXFileReference; lastKnownFileType = sourcecode.swift; path = MemoryEngine.swift; sourceTree = "<group>"; };
		000000000000000000000208 /* DailyReviewService.swift */ = {isa = PBXFileReference; lastKnownFileType = sourcecode.swift; path = DailyReviewService.swift; sourceTree = "<group>"; };
		000000000000000000000209 /* DemoDataSeeder.swift */ = {isa = PBXFileReference; lastKnownFileType = sourcecode.swift; path = DemoDataSeeder.swift; sourceTree = "<group>"; };
		000000000000000000000210 /* DashboardView.swift */ = {isa = PBXFileReference; lastKnownFileType = sourcecode.swift; path = DashboardView.swift; sourceTree = "<group>"; };
		000000000000000000000211 /* QuestListView.swift */ = {isa = PBXFileReference; lastKnownFileType = sourcecode.swift; path = QuestListView.swift; sourceTree = "<group>"; };
		000000000000000000000212 /* CompanionChatView.swift */ = {isa = PBXFileReference; lastKnownFileType = sourcecode.swift; path = CompanionChatView.swift; sourceTree = "<group>"; };
		000000000000000000000213 /* MemoryView.swift */ = {isa = PBXFileReference; lastKnownFileType = sourcecode.swift; path = MemoryView.swift; sourceTree = "<group>"; };
		000000000000000000000214 /* DailyReviewView.swift */ = {isa = PBXFileReference; lastKnownFileType = sourcecode.swift; path = DailyReviewView.swift; sourceTree = "<group>"; };
		000000000000000000000215 /* SettingsView.swift */ = {isa = PBXFileReference; lastKnownFileType = sourcecode.swift; path = SettingsView.swift; sourceTree = "<group>"; };
		000000000000000000000216 /* ChatHistoryService.swift */ = {isa = PBXFileReference; lastKnownFileType = sourcecode.swift; path = ChatHistoryService.swift; sourceTree = "<group>"; };
		000000000000000000000217 /* AISuggestionSanitizer.swift */ = {isa = PBXFileReference; lastKnownFileType = sourcecode.swift; path = AISuggestionSanitizer.swift; sourceTree = "<group>"; };
		000000000000000000000218 /* KeychainAPIKeyStore.swift */ = {isa = PBXFileReference; lastKnownFileType = sourcecode.swift; path = KeychainAPIKeyStore.swift; sourceTree = "<group>"; };
		000000000000000000000219 /* OpenAIClient.swift */ = {isa = PBXFileReference; lastKnownFileType = sourcecode.swift; path = OpenAIClient.swift; sourceTree = "<group>"; };
		000000000000000000000220 /* QuestProgressServiceTests.swift */ = {isa = PBXFileReference; lastKnownFileType = sourcecode.swift; path = QuestProgressServiceTests.swift; sourceTree = "<group>"; };
		000000000000000000000221 /* DailyReviewServiceTests.swift */ = {isa = PBXFileReference; lastKnownFileType = sourcecode.swift; path = DailyReviewServiceTests.swift; sourceTree = "<group>"; };
		000000000000000000000222 /* MemoryEngineTests.swift */ = {isa = PBXFileReference; lastKnownFileType = sourcecode.swift; path = MemoryEngineTests.swift; sourceTree = "<group>"; };
		000000000000000000000223 /* MockAIClientTests.swift */ = {isa = PBXFileReference; lastKnownFileType = sourcecode.swift; path = MockAIClientTests.swift; sourceTree = "<group>"; };
		000000000000000000000224 /* ChatHistoryServiceTests.swift */ = {isa = PBXFileReference; lastKnownFileType = sourcecode.swift; path = ChatHistoryServiceTests.swift; sourceTree = "<group>"; };
		000000000000000000000225 /* AISuggestionSanitizerTests.swift */ = {isa = PBXFileReference; lastKnownFileType = sourcecode.swift; path = AISuggestionSanitizerTests.swift; sourceTree = "<group>"; };
		000000000000000000000226 /* OpenAIClientTests.swift */ = {isa = PBXFileReference; lastKnownFileType = sourcecode.swift; path = OpenAIClientTests.swift; sourceTree = "<group>"; };
		000000000000000000000227 /* Assets.xcassets */ = {isa = PBXFileReference; lastKnownFileType = folder.assetcatalog; path = Assets.xcassets; sourceTree = "<group>"; };
		000000000000000000000228 /* PrivacyInfo.xcprivacy */ = {isa = PBXFileReference; lastKnownFileType = text.xml; path = PrivacyInfo.xcprivacy; sourceTree = "<group>"; };
		000000000000000000000501 /* PersonaOS.app */ = {isa = PBXFileReference; explicitFileType = wrapper.application; includeInIndex = 0; path = PersonaOS.app; sourceTree = BUILT_PRODUCTS_DIR; };
		000000000000000000000502 /* PersonaOSTests.xctest */ = {isa = PBXFileReference; explicitFileType = wrapper.cfbundle; includeInIndex = 0; path = PersonaOSTests.xctest; sourceTree = BUILT_PRODUCTS_DIR; };
/* End PBXFileReference section */

/* Begin PBXFrameworksBuildPhase section */
		000000000000000000000601 /* Frameworks */ = {
			isa = PBXFrameworksBuildPhase;
			buildActionMask = 2147483647;
			files = (
			);
			runOnlyForDeploymentPostprocessing = 0;
		};
		000000000000000000000602 /* Frameworks */ = {
			isa = PBXFrameworksBuildPhase;
			buildActionMask = 2147483647;
			files = (
			);
			runOnlyForDeploymentPostprocessing = 0;
		};
/* End PBXFrameworksBuildPhase section */

/* Begin PBXGroup section */
		000000000000000000000002 = {
			isa = PBXGroup;
			children = (
				000000000000000000000003 /* PersonaOS */,
				000000000000000000000004 /* Products */,
			);
			sourceTree = "<group>";
		};
		000000000000000000000003 /* PersonaOS */ = {
			isa = PBXGroup;
			children = (
				000000000000000000000005 /* App */,
				000000000000000000000006 /* Core */,
				000000000000000000000007 /* Features */,
				000000000000000000000019 /* Resources */,
				000000000000000000000008 /* Tests */,
			);
			path = PersonaOS;
			sourceTree = "<group>";
		};
		000000000000000000000004 /* Products */ = {
			isa = PBXGroup;
			children = (
				000000000000000000000501 /* PersonaOS.app */,
				000000000000000000000502 /* PersonaOSTests.xctest */,
			);
			name = Products;
			sourceTree = "<group>";
		};
		000000000000000000000005 /* App */ = {
			isa = PBXGroup;
			children = (
				000000000000000000000201 /* PersonaOSApp.swift */,
				000000000000000000000202 /* MainTabView.swift */,
			);
			path = App;
			sourceTree = "<group>";
		};
		000000000000000000000006 /* Core */ = {
			isa = PBXGroup;
			children = (
				000000000000000000000009 /* Models */,
				000000000000000000000010 /* Repositories */,
				000000000000000000000011 /* Services */,
				000000000000000000000012 /* Utilities */,
			);
			path = Core;
			sourceTree = "<group>";
		};
		000000000000000000000007 /* Features */ = {
			isa = PBXGroup;
			children = (
				000000000000000000000013 /* Dashboard */,
				000000000000000000000014 /* QuestSystem */,
				000000000000000000000015 /* CompanionChat */,
				000000000000000000000016 /* Memory */,
				000000000000000000000017 /* DailyReview */,
				000000000000000000000018 /* Settings */,
			);
			path = Features;
			sourceTree = "<group>";
		};
		000000000000000000000008 /* Tests */ = {
			isa = PBXGroup;
			children = (
				000000000000000000000220 /* QuestProgressServiceTests.swift */,
				000000000000000000000221 /* DailyReviewServiceTests.swift */,
				000000000000000000000222 /* MemoryEngineTests.swift */,
				000000000000000000000223 /* MockAIClientTests.swift */,
				000000000000000000000224 /* ChatHistoryServiceTests.swift */,
				000000000000000000000225 /* AISuggestionSanitizerTests.swift */,
				000000000000000000000226 /* OpenAIClientTests.swift */,
			);
			path = Tests;
			sourceTree = "<group>";
		};
		000000000000000000000009 /* Models */ = {
			isa = PBXGroup;
			children = (
				000000000000000000000203 /* PersonaModels.swift */,
			);
			path = Models;
			sourceTree = "<group>";
		};
		000000000000000000000010 /* Repositories */ = {
			isa = PBXGroup;
			children = (
			);
			path = Repositories;
			sourceTree = "<group>";
		};
		000000000000000000000011 /* Services */ = {
			isa = PBXGroup;
			children = (
				000000000000000000000205 /* AIClient.swift */,
				000000000000000000000217 /* AISuggestionSanitizer.swift */,
				000000000000000000000216 /* ChatHistoryService.swift */,
				000000000000000000000218 /* KeychainAPIKeyStore.swift */,
				000000000000000000000219 /* OpenAIClient.swift */,
				000000000000000000000206 /* QuestProgressService.swift */,
				000000000000000000000207 /* MemoryEngine.swift */,
				000000000000000000000208 /* DailyReviewService.swift */,
				000000000000000000000209 /* DemoDataSeeder.swift */,
			);
			path = Services;
			sourceTree = "<group>";
		};
		000000000000000000000012 /* Utilities */ = {
			isa = PBXGroup;
			children = (
				000000000000000000000204 /* DateHelpers.swift */,
			);
			path = Utilities;
			sourceTree = "<group>";
		};
		000000000000000000000013 /* Dashboard */ = {
			isa = PBXGroup;
			children = (
				000000000000000000000210 /* DashboardView.swift */,
			);
			path = Dashboard;
			sourceTree = "<group>";
		};
		000000000000000000000014 /* QuestSystem */ = {
			isa = PBXGroup;
			children = (
				000000000000000000000211 /* QuestListView.swift */,
			);
			path = QuestSystem;
			sourceTree = "<group>";
		};
		000000000000000000000015 /* CompanionChat */ = {
			isa = PBXGroup;
			children = (
				000000000000000000000212 /* CompanionChatView.swift */,
			);
			path = CompanionChat;
			sourceTree = "<group>";
		};
		000000000000000000000016 /* Memory */ = {
			isa = PBXGroup;
			children = (
				000000000000000000000213 /* MemoryView.swift */,
			);
			path = Memory;
			sourceTree = "<group>";
		};
		000000000000000000000017 /* DailyReview */ = {
			isa = PBXGroup;
			children = (
				000000000000000000000214 /* DailyReviewView.swift */,
			);
			path = DailyReview;
			sourceTree = "<group>";
		};
		000000000000000000000018 /* Settings */ = {
			isa = PBXGroup;
			children = (
				000000000000000000000215 /* SettingsView.swift */,
			);
			path = Settings;
			sourceTree = "<group>";
		};
		000000000000000000000019 /* Resources */ = {
			isa = PBXGroup;
			children = (
				000000000000000000000227 /* Assets.xcassets */,
				000000000000000000000228 /* PrivacyInfo.xcprivacy */,
			);
			path = Resources;
			sourceTree = "<group>";
		};
/* End PBXGroup section */

/* Begin PBXNativeTarget section */
		000000000000000000000401 /* PersonaOS */ = {
			isa = PBXNativeTarget;
			buildConfigurationList = 000000000000000000000801 /* Build configuration list for PBXNativeTarget "PersonaOS" */;
			buildPhases = (
				000000000000000000000701 /* Sources */,
				000000000000000000000601 /* Frameworks */,
				000000000000000000000901 /* Resources */,
			);
			buildRules = (
			);
			dependencies = (
			);
			name = PersonaOS;
			productName = PersonaOS;
			productReference = 000000000000000000000501 /* PersonaOS.app */;
			productType = "com.apple.product-type.application";
		};
		000000000000000000000402 /* PersonaOSTests */ = {
			isa = PBXNativeTarget;
			buildConfigurationList = 000000000000000000000802 /* Build configuration list for PBXNativeTarget "PersonaOSTests" */;
			buildPhases = (
				000000000000000000000702 /* Sources */,
				000000000000000000000602 /* Frameworks */,
				000000000000000000000902 /* Resources */,
			);
			buildRules = (
			);
			dependencies = (
				000000000000000000000302 /* PBXTargetDependency */,
			);
			name = PersonaOSTests;
			productName = PersonaOSTests;
			productReference = 000000000000000000000502 /* PersonaOSTests.xctest */;
			productType = "com.apple.product-type.bundle.unit-test";
		};
/* End PBXNativeTarget section */

/* Begin PBXProject section */
		000000000000000000000001 /* Project object */ = {
			isa = PBXProject;
			attributes = {
				BuildIndependentTargetsInParallel = 1;
				LastSwiftUpdateCheck = 2650;
				LastUpgradeCheck = 2650;
				TargetAttributes = {
					000000000000000000000401 = {
						CreatedOnToolsVersion = 26.5;
					};
					000000000000000000000402 = {
						CreatedOnToolsVersion = 26.5;
						TestTargetID = 000000000000000000000401;
					};
				};
			};
			buildConfigurationList = 000000000000000000000800 /* Build configuration list for PBXProject "PersonaOS" */;
			compatibilityVersion = "Xcode 14.0";
			developmentRegion = en;
			hasScannedForEncodings = 0;
			knownRegions = (
				en,
				Base,
			);
			mainGroup = 000000000000000000000002;
			productRefGroup = 000000000000000000000004 /* Products */;
			projectDirPath = "";
			projectRoot = "";
			targets = (
				000000000000000000000401 /* PersonaOS */,
				000000000000000000000402 /* PersonaOSTests */,
			);
		};
/* End PBXProject section */

/* Begin PBXResourcesBuildPhase section */
		000000000000000000000901 /* Resources */ = {
			isa = PBXResourcesBuildPhase;
			buildActionMask = 2147483647;
			files = (
				000000000000000000000127 /* Assets.xcassets in Resources */,
				000000000000000000000128 /* PrivacyInfo.xcprivacy in Resources */,
			);
			runOnlyForDeploymentPostprocessing = 0;
		};
		000000000000000000000902 /* Resources */ = {
			isa = PBXResourcesBuildPhase;
			buildActionMask = 2147483647;
			files = (
			);
			runOnlyForDeploymentPostprocessing = 0;
		};
/* End PBXResourcesBuildPhase section */

/* Begin PBXSourcesBuildPhase section */
		000000000000000000000701 /* Sources */ = {
			isa = PBXSourcesBuildPhase;
			buildActionMask = 2147483647;
			files = (
				000000000000000000000101 /* PersonaOSApp.swift in Sources */,
				000000000000000000000102 /* MainTabView.swift in Sources */,
				000000000000000000000103 /* PersonaModels.swift in Sources */,
				000000000000000000000104 /* DateHelpers.swift in Sources */,
				000000000000000000000105 /* AIClient.swift in Sources */,
				000000000000000000000106 /* QuestProgressService.swift in Sources */,
				000000000000000000000107 /* MemoryEngine.swift in Sources */,
				000000000000000000000108 /* DailyReviewService.swift in Sources */,
				000000000000000000000109 /* DemoDataSeeder.swift in Sources */,
				000000000000000000000110 /* DashboardView.swift in Sources */,
				000000000000000000000111 /* QuestListView.swift in Sources */,
				000000000000000000000112 /* CompanionChatView.swift in Sources */,
				000000000000000000000113 /* MemoryView.swift in Sources */,
				000000000000000000000114 /* DailyReviewView.swift in Sources */,
				000000000000000000000115 /* SettingsView.swift in Sources */,
				000000000000000000000116 /* ChatHistoryService.swift in Sources */,
				000000000000000000000117 /* AISuggestionSanitizer.swift in Sources */,
				000000000000000000000118 /* KeychainAPIKeyStore.swift in Sources */,
				000000000000000000000119 /* OpenAIClient.swift in Sources */,
			);
			runOnlyForDeploymentPostprocessing = 0;
		};
		000000000000000000000702 /* Sources */ = {
			isa = PBXSourcesBuildPhase;
			buildActionMask = 2147483647;
			files = (
				000000000000000000000120 /* QuestProgressServiceTests.swift in Sources */,
				000000000000000000000121 /* DailyReviewServiceTests.swift in Sources */,
				000000000000000000000122 /* MemoryEngineTests.swift in Sources */,
				000000000000000000000123 /* MockAIClientTests.swift in Sources */,
				000000000000000000000124 /* ChatHistoryServiceTests.swift in Sources */,
				000000000000000000000125 /* AISuggestionSanitizerTests.swift in Sources */,
				000000000000000000000126 /* OpenAIClientTests.swift in Sources */,
			);
			runOnlyForDeploymentPostprocessing = 0;
		};
/* End PBXSourcesBuildPhase section */

/* Begin PBXTargetDependency section */
		000000000000000000000302 /* PBXTargetDependency */ = {
			isa = PBXTargetDependency;
			target = 000000000000000000000401 /* PersonaOS */;
			targetProxy = 000000000000000000000301 /* PBXContainerItemProxy */;
		};
/* End PBXTargetDependency section */

/* Begin XCBuildConfiguration section */
		000000000000000000000811 /* Debug */ = {
			isa = XCBuildConfiguration;
			buildSettings = {
				ALWAYS_SEARCH_USER_PATHS = NO;
				CLANG_ANALYZER_NONNULL = YES;
				CLANG_ANALYZER_NUMBER_OBJECT_CONVERSION = YES_AGGRESSIVE;
				CLANG_CXX_LANGUAGE_STANDARD = "gnu++20";
				CLANG_ENABLE_MODULES = YES;
				CLANG_ENABLE_OBJC_ARC = YES;
				CLANG_ENABLE_OBJC_WEAK = YES;
				CLANG_WARN_BLOCK_CAPTURE_AUTORELEASING = YES;
				CLANG_WARN_BOOL_CONVERSION = YES;
				CLANG_WARN_COMMA = YES;
				CLANG_WARN_CONSTANT_CONVERSION = YES;
				CLANG_WARN_DEPRECATED_OBJC_IMPLEMENTATIONS = YES;
				CLANG_WARN_DIRECT_OBJC_ISA_USAGE = YES_ERROR;
				CLANG_WARN_DOCUMENTATION_COMMENTS = YES;
				CLANG_WARN_EMPTY_BODY = YES;
				CLANG_WARN_ENUM_CONVERSION = YES;
				CLANG_WARN_INFINITE_RECURSION = YES;
				CLANG_WARN_INT_CONVERSION = YES;
				CLANG_WARN_NON_LITERAL_NULL_CONVERSION = YES;
				CLANG_WARN_OBJC_IMPLICIT_RETAIN_SELF = YES;
				CLANG_WARN_OBJC_LITERAL_CONVERSION = YES;
				CLANG_WARN_OBJC_ROOT_CLASS = YES_ERROR;
				CLANG_WARN_QUOTED_INCLUDE_IN_FRAMEWORK_HEADER = YES;
				CLANG_WARN_RANGE_LOOP_ANALYSIS = YES;
				CLANG_WARN_STRICT_PROTOTYPES = YES;
				CLANG_WARN_SUSPICIOUS_MOVE = YES;
				CLANG_WARN_UNGUARDED_AVAILABILITY = YES_AGGRESSIVE;
				CLANG_WARN_UNREACHABLE_CODE = YES;
				CLANG_WARN__DUPLICATE_METHOD_MATCH = YES;
				COPY_PHASE_STRIP = NO;
				DEBUG_INFORMATION_FORMAT = dwarf;
				ENABLE_STRICT_OBJC_MSGSEND = YES;
				ENABLE_TESTABILITY = YES;
				GCC_C_LANGUAGE_STANDARD = gnu17;
				GCC_DYNAMIC_NO_PIC = NO;
				GCC_NO_COMMON_BLOCKS = YES;
				GCC_OPTIMIZATION_LEVEL = 0;
				GCC_PREPROCESSOR_DEFINITIONS = (
					"DEBUG=1",
					"$(inherited)",
				);
				GCC_WARN_64_TO_32_BIT_CONVERSION = YES;
				GCC_WARN_ABOUT_RETURN_TYPE = YES_ERROR;
				GCC_WARN_UNDECLARED_SELECTOR = YES;
				GCC_WARN_UNINITIALIZED_AUTOS = YES_AGGRESSIVE;
				GCC_WARN_UNUSED_FUNCTION = YES;
				GCC_WARN_UNUSED_VARIABLE = YES;
				IPHONEOS_DEPLOYMENT_TARGET = 17.0;
				MTL_ENABLE_DEBUG_INFO = INCLUDE_SOURCE;
				MTL_FAST_MATH = YES;
				ONLY_ACTIVE_ARCH = YES;
				SDKROOT = iphoneos;
				SWIFT_ACTIVE_COMPILATION_CONDITIONS = DEBUG;
				SWIFT_OPTIMIZATION_LEVEL = "-Onone";
			};
			name = Debug;
		};
		000000000000000000000812 /* Release */ = {
			isa = XCBuildConfiguration;
			buildSettings = {
				ALWAYS_SEARCH_USER_PATHS = NO;
				CLANG_ANALYZER_NONNULL = YES;
				CLANG_ANALYZER_NUMBER_OBJECT_CONVERSION = YES_AGGRESSIVE;
				CLANG_CXX_LANGUAGE_STANDARD = "gnu++20";
				CLANG_ENABLE_MODULES = YES;
				CLANG_ENABLE_OBJC_ARC = YES;
				CLANG_ENABLE_OBJC_WEAK = YES;
				CLANG_WARN_BLOCK_CAPTURE_AUTORELEASING = YES;
				CLANG_WARN_BOOL_CONVERSION = YES;
				CLANG_WARN_COMMA = YES;
				CLANG_WARN_CONSTANT_CONVERSION = YES;
				CLANG_WARN_DEPRECATED_OBJC_IMPLEMENTATIONS = YES;
				CLANG_WARN_DIRECT_OBJC_ISA_USAGE = YES_ERROR;
				CLANG_WARN_DOCUMENTATION_COMMENTS = YES;
				CLANG_WARN_EMPTY_BODY = YES;
				CLANG_WARN_ENUM_CONVERSION = YES;
				CLANG_WARN_INFINITE_RECURSION = YES;
				CLANG_WARN_INT_CONVERSION = YES;
				CLANG_WARN_NON_LITERAL_NULL_CONVERSION = YES;
				CLANG_WARN_OBJC_IMPLICIT_RETAIN_SELF = YES;
				CLANG_WARN_OBJC_LITERAL_CONVERSION = YES;
				CLANG_WARN_OBJC_ROOT_CLASS = YES_ERROR;
				CLANG_WARN_QUOTED_INCLUDE_IN_FRAMEWORK_HEADER = YES;
				CLANG_WARN_RANGE_LOOP_ANALYSIS = YES;
				CLANG_WARN_STRICT_PROTOTYPES = YES;
				CLANG_WARN_SUSPICIOUS_MOVE = YES;
				CLANG_WARN_UNGUARDED_AVAILABILITY = YES_AGGRESSIVE;
				CLANG_WARN_UNREACHABLE_CODE = YES;
				CLANG_WARN__DUPLICATE_METHOD_MATCH = YES;
				COPY_PHASE_STRIP = NO;
				DEBUG_INFORMATION_FORMAT = "dwarf-with-dsym";
				ENABLE_NS_ASSERTIONS = NO;
				ENABLE_STRICT_OBJC_MSGSEND = YES;
				GCC_C_LANGUAGE_STANDARD = gnu17;
				GCC_NO_COMMON_BLOCKS = YES;
				GCC_WARN_64_TO_32_BIT_CONVERSION = YES;
				GCC_WARN_ABOUT_RETURN_TYPE = YES_ERROR;
				GCC_WARN_UNDECLARED_SELECTOR = YES;
				GCC_WARN_UNINITIALIZED_AUTOS = YES_AGGRESSIVE;
				GCC_WARN_UNUSED_FUNCTION = YES;
				GCC_WARN_UNUSED_VARIABLE = YES;
				IPHONEOS_DEPLOYMENT_TARGET = 17.0;
				MTL_ENABLE_DEBUG_INFO = NO;
				MTL_FAST_MATH = YES;
				SDKROOT = iphoneos;
				SWIFT_COMPILATION_MODE = wholemodule;
				VALIDATE_PRODUCT = YES;
			};
			name = Release;
		};
		000000000000000000000813 /* Debug */ = {
			isa = XCBuildConfiguration;
			buildSettings = {
				ASSETCATALOG_COMPILER_GLOBAL_ACCENT_COLOR_NAME = AccentColor;
				ASSETCATALOG_COMPILER_APPICON_NAME = AppIcon;
				CODE_SIGN_STYLE = Automatic;
				CURRENT_PROJECT_VERSION = 1;
				DEVELOPMENT_ASSET_PATHS = "";
				ENABLE_PREVIEWS = YES;
				GENERATE_INFOPLIST_FILE = YES;
				INFOPLIST_KEY_CFBundleDisplayName = PersonaOS;
				INFOPLIST_KEY_LSApplicationCategoryType = "public.app-category.productivity";
				INFOPLIST_KEY_UIApplicationSupportsIndirectInputEvents = YES;
				INFOPLIST_KEY_UILaunchScreen_Generation = YES;
				INFOPLIST_KEY_UISupportedInterfaceOrientations_iPhone = UIInterfaceOrientationPortrait;
				IPHONEOS_DEPLOYMENT_TARGET = 17.0;
				LD_RUNPATH_SEARCH_PATHS = (
					"$(inherited)",
					"@executable_path/Frameworks",
				);
				MARKETING_VERSION = 1.0;
				PRODUCT_BUNDLE_IDENTIFIER = com.woshiluozhi.personaos;
				PRODUCT_NAME = "$(TARGET_NAME)";
				SWIFT_VERSION = 5.0;
				TARGETED_DEVICE_FAMILY = 1;
			};
			name = Debug;
		};
		000000000000000000000814 /* Release */ = {
			isa = XCBuildConfiguration;
			buildSettings = {
				ASSETCATALOG_COMPILER_GLOBAL_ACCENT_COLOR_NAME = AccentColor;
				ASSETCATALOG_COMPILER_APPICON_NAME = AppIcon;
				CODE_SIGN_STYLE = Automatic;
				CURRENT_PROJECT_VERSION = 1;
				DEVELOPMENT_ASSET_PATHS = "";
				ENABLE_PREVIEWS = YES;
				GENERATE_INFOPLIST_FILE = YES;
				INFOPLIST_KEY_CFBundleDisplayName = PersonaOS;
				INFOPLIST_KEY_LSApplicationCategoryType = "public.app-category.productivity";
				INFOPLIST_KEY_UIApplicationSupportsIndirectInputEvents = YES;
				INFOPLIST_KEY_UILaunchScreen_Generation = YES;
				INFOPLIST_KEY_UISupportedInterfaceOrientations_iPhone = UIInterfaceOrientationPortrait;
				IPHONEOS_DEPLOYMENT_TARGET = 17.0;
				LD_RUNPATH_SEARCH_PATHS = (
					"$(inherited)",
					"@executable_path/Frameworks",
				);
				MARKETING_VERSION = 1.0;
				PRODUCT_BUNDLE_IDENTIFIER = com.woshiluozhi.personaos;
				PRODUCT_NAME = "$(TARGET_NAME)";
				SWIFT_VERSION = 5.0;
				TARGETED_DEVICE_FAMILY = 1;
			};
			name = Release;
		};
		000000000000000000000815 /* Debug */ = {
			isa = XCBuildConfiguration;
			buildSettings = {
				BUNDLE_LOADER = "$(TEST_HOST)";
				CODE_SIGN_STYLE = Automatic;
				CURRENT_PROJECT_VERSION = 1;
				GENERATE_INFOPLIST_FILE = YES;
				IPHONEOS_DEPLOYMENT_TARGET = 17.0;
				LD_RUNPATH_SEARCH_PATHS = (
					"$(inherited)",
					"@executable_path/Frameworks",
					"@loader_path/Frameworks",
				);
				MARKETING_VERSION = 1.0;
				PRODUCT_BUNDLE_IDENTIFIER = com.woshiluozhi.personaos.tests;
				PRODUCT_NAME = "$(TARGET_NAME)";
				SWIFT_VERSION = 5.0;
				TARGETED_DEVICE_FAMILY = 1;
				TEST_HOST = "$(BUILT_PRODUCTS_DIR)/PersonaOS.app/$(BUNDLE_EXECUTABLE_FOLDER_PATH)/PersonaOS";
			};
			name = Debug;
		};
		000000000000000000000816 /* Release */ = {
			isa = XCBuildConfiguration;
			buildSettings = {
				BUNDLE_LOADER = "$(TEST_HOST)";
				CODE_SIGN_STYLE = Automatic;
				CURRENT_PROJECT_VERSION = 1;
				GENERATE_INFOPLIST_FILE = YES;
				IPHONEOS_DEPLOYMENT_TARGET = 17.0;
				LD_RUNPATH_SEARCH_PATHS = (
					"$(inherited)",
					"@executable_path/Frameworks",
					"@loader_path/Frameworks",
				);
				MARKETING_VERSION = 1.0;
				PRODUCT_BUNDLE_IDENTIFIER = com.woshiluozhi.personaos.tests;
				PRODUCT_NAME = "$(TARGET_NAME)";
				SWIFT_VERSION = 5.0;
				TARGETED_DEVICE_FAMILY = 1;
				TEST_HOST = "$(BUILT_PRODUCTS_DIR)/PersonaOS.app/$(BUNDLE_EXECUTABLE_FOLDER_PATH)/PersonaOS";
			};
			name = Release;
		};
/* End XCBuildConfiguration section */

/* Begin XCConfigurationList section */
		000000000000000000000800 /* Build configuration list for PBXProject "PersonaOS" */ = {
			isa = XCConfigurationList;
			buildConfigurations = (
				000000000000000000000811 /* Debug */,
				000000000000000000000812 /* Release */,
			);
			defaultConfigurationIsVisible = 0;
			defaultConfigurationName = Release;
		};
		000000000000000000000801 /* Build configuration list for PBXNativeTarget "PersonaOS" */ = {
			isa = XCConfigurationList;
			buildConfigurations = (
				000000000000000000000813 /* Debug */,
				000000000000000000000814 /* Release */,
			);
			defaultConfigurationIsVisible = 0;
			defaultConfigurationName = Release;
		};
		000000000000000000000802 /* Build configuration list for PBXNativeTarget "PersonaOSTests" */ = {
			isa = XCConfigurationList;
			buildConfigurations = (
				000000000000000000000815 /* Debug */,
				000000000000000000000816 /* Release */,
			);
			defaultConfigurationIsVisible = 0;
			defaultConfigurationName = Release;
		};
/* End XCConfigurationList section */
	};
	rootObject = 000000000000000000000001 /* Project object */;
}
